
Microsoft Visual Studio Solution File, Format Version 12.00
# Visual Studio 2012
Project("{FAE04EC0-301F-11D3-BF4B-00C04F79EFBC}") = "RichardSzalay.Hosts", "RichardSzalay.Hosts\RichardSzalay.Hosts.csproj", "{D3DF6FEA-C264-437B-8AB5-26CECC5EF5B9}"
EndProject
Project("{FAE04EC0-301F-11D3-BF4B-00C04F79EFBC}") = "RichardSzalay.Hosts.Powershell", "RichardSzalay.Hosts.Powershell\RichardSzalay.Hosts.Powershell.csproj", "{20EFFACA-B6EC-4411-BA73-C21B3B2C62D0}"
EndProject
Project("{FAE04EC0-301F-11D3-BF4B-00C04F79EFBC}") = "RichardSzalay.Hosts.Tests", "RichardSzalay.Hosts.Tests\RichardSzalay.Hosts.Tests.csproj", "{63DB2D15-8AFA-4CC2-8A05-16208308FE06}"
EndProject
Project("{FAE04EC0-301F-11D3-BF4B-00C04F79EFBC}") = "RichardSzalay.Hosts.Powershell.Tests", "RichardSzalay.Hosts.Powershell.Tests\RichardSzalay.Hosts.Powershell.Tests.csproj", "{72CE6E1E-FAEA-4D86-92DD-128C911714CB}"
EndProject
Global
	GlobalSection(SolutionConfigurationPlatforms) = preSolution
		Debug|Any CPU = Debug|Any CPU
		Release|Any CPU = Release|Any CPU
	EndGlobalSection
	GlobalSection(ProjectConfigurationPlatforms) = postSolution
		{D3DF6FEA-C264-437B-8AB5-26CECC5EF5B9}.Debug|Any CPU.ActiveCfg = Debug|Any CPU
		{D3DF6FEA-C264-437B-8AB5-26CECC5EF5B9}.Debug|Any CPU.Build.0 = Debug|Any CPU
		{D3DF6FEA-C264-437B-8AB5-26CECC5EF5B9}.Release|Any CPU.ActiveCfg = Release|Any CPU
		{D3DF6FEA-C264-437B-8AB5-26CECC5EF5B9}.Release|Any CPU.Build.0 = Release|Any CPU
		{20EFFACA-B6EC-4411-BA73-C21B3B2C62D0}.Debug|Any CPU.ActiveCfg = Debug|Any CPU
		{20EFFACA-B6EC-4411-BA73-C21B3B2C62D0}.Debug|Any CPU.Build.0 = Debug|Any CPU
		{20EFFACA-B6EC-4411-BA73-C21B3B2C62D0}.Release|Any CPU.ActiveCfg = Release|Any CPU
		{20EFFACA-B6EC-4411-BA73-C21B3B2C62D0}.Release|Any CPU.Build.0 = Release|Any CPU
		{63DB2D15-8AFA-4CC2-8A05-16208308FE06}.Debug|Any CPU.ActiveCfg = Debug|Any CPU
		{63DB2D15-8AFA-4CC2-8A05-16208308FE06}.Debug|Any CPU.Build.0 = Debug|Any CPU
		{63DB2D15-8AFA-4CC2-8A05-16208308FE06}.Release|Any CPU.ActiveCfg = Release|Any CPU
		{63DB2D15-8AFA-4CC2-8A05-16208308FE06}.Release|Any CPU.Build.0 = Release|Any CPU
		{72CE6E1E-FAEA-4D86-92DD-128C911714CB}.Debug|Any CPU.ActiveCfg = Debug|Any CPU
		{72CE6E1E-FAEA-4D86-92DD-128C911714CB}.Debug|Any CPU.Build.0 = Debug|Any CPU
		{72CE6E1E-FAEA-4D86-92DD-128C911714CB}.Release|Any CPU.ActiveCfg = Release|Any CPU
		{72CE6E1E-FAEA-4D86-92DD-128C911714CB}.Release|Any CPU.Build.0 = Release|Any CPU
	EndGlobalSection
	GlobalSection(SolutionProperties) = preSolution
		HideSolutionNode = FALSE
	EndGlobalSection
EndGlobal
