
Microsoft Visual Studio Solution File, Format Version 12.00
# Visual Studio 15
VisualStudioVersion = 15.0.26228.4
MinimumVisualStudioVersion = 10.0.40219.1
Project("{9A19103F-16F7-4668-BE54-9A1E7A4F7556}") = "RichardSzalay.Hosts", "RichardSzalay.Hosts\RichardSzalay.Hosts.csproj", "{A2F7FCD2-CC7A-4F89-A095-57B1125C3CCB}"
EndProject
Project("{9A19103F-16F7-4668-BE54-9A1E7A4F7556}") = "RichardSzalay.Hosts.Powershell", "RichardSzalay.Hosts.Powershell\RichardSzalay.Hosts.Powershell.csproj", "{5DFC1AED-8EF9-413F-ABFA-388D7F4D58F8}"
EndProject
Project("{9A19103F-16F7-4668-BE54-9A1E7A4F7556}") = "RichardSzalay.Hosts.Tests", "RichardSzalay.Hosts.Tests\RichardSzalay.Hosts.Tests.csproj", "{0E28B085-FFAB-4016-86E8-52849E06EBEC}"
EndProject
Global
	GlobalSection(SolutionConfigurationPlatforms) = preSolution
		Debug|Any CPU = Debug|Any CPU
		Release|Any CPU = Release|Any CPU
	EndGlobalSection
	GlobalSection(ProjectConfigurationPlatforms) = postSolution
		{A2F7FCD2-CC7A-4F89-A095-57B1125C3CCB}.Debug|Any CPU.ActiveCfg = Debug|Any CPU
		{A2F7FCD2-CC7A-4F89-A095-57B1125C3CCB}.Debug|Any CPU.Build.0 = Debug|Any CPU
		{A2F7FCD2-CC7A-4F89-A095-57B1125C3CCB}.Release|Any CPU.ActiveCfg = Release|Any CPU
		{A2F7FCD2-CC7A-4F89-A095-57B1125C3CCB}.Release|Any CPU.Build.0 = Release|Any CPU
		{5DFC1AED-8EF9-413F-ABFA-388D7F4D58F8}.Debug|Any CPU.ActiveCfg = Debug|Any CPU
		{5DFC1AED-8EF9-413F-ABFA-388D7F4D58F8}.Debug|Any CPU.Build.0 = Debug|Any CPU
		{5DFC1AED-8EF9-413F-ABFA-388D7F4D58F8}.Release|Any CPU.ActiveCfg = Release|Any CPU
		{5DFC1AED-8EF9-413F-ABFA-388D7F4D58F8}.Release|Any CPU.Build.0 = Release|Any CPU
		{0E28B085-FFAB-4016-86E8-52849E06EBEC}.Debug|Any CPU.ActiveCfg = Debug|Any CPU
		{0E28B085-FFAB-4016-86E8-52849E06EBEC}.Debug|Any CPU.Build.0 = Debug|Any CPU
		{0E28B085-FFAB-4016-86E8-52849E06EBEC}.Release|Any CPU.ActiveCfg = Release|Any CPU
		{0E28B085-FFAB-4016-86E8-52849E06EBEC}.Release|Any CPU.Build.0 = Release|Any CPU
	EndGlobalSection
	GlobalSection(SolutionProperties) = preSolution
		HideSolutionNode = FALSE
	EndGlobalSection
EndGlobal
